
Microsoft Visual Studio Solution File, Format Version 12.00
# Visual Studio Version 17
VisualStudioVersion = 17.8.34330.188
MinimumVisualStudioVersion = 10.0.40219.1
Project("{FAE04EC0-301F-11D3-BF4B-00C04F79EFBC}") = "Ecommerce_Website", "Ecommerce_Website\Ecommerce_Website.csproj", "{58698DDE-9757-4F0D-8BF8-7D0A728C1139}"
EndProject
Global
	GlobalSection(SolutionConfigurationPlatforms) = preSolution
		Debug|Any CPU = Debug|Any CPU
		Release|Any CPU = Release|Any CPU
	EndGlobalSection
	GlobalSection(ProjectConfigurationPlatforms) = postSolution
		{58698DDE-9757-4F0D-8BF8-7D0A728C1139}.Debug|Any CPU.ActiveCfg = Debug|Any CPU
		{58698DDE-9757-4F0D-8BF8-7D0A728C1139}.Debug|Any CPU.Build.0 = Debug|Any CPU
		{58698DDE-9757-4F0D-8BF8-7D0A728C1139}.Release|Any CPU.ActiveCfg = Release|Any CPU
		{58698DDE-9757-4F0D-8BF8-7D0A728C1139}.Release|Any CPU.Build.0 = Release|Any CPU
	EndGlobalSection
	GlobalSection(SolutionProperties) = preSolution
		HideSolutionNode = FALSE
	EndGlobalSection
	GlobalSection(ExtensibilityGlobals) = postSolution
		SolutionGuid = {DC92EFDB-C89E-40B8-8F99-5E9A712AE6F6}
	EndGlobalSection
EndGlobal
