
Microsoft Visual Studio Solution File, Format Version 12.00
# Visual Studio Version 17
VisualStudioVersion = 17.8.34330.188
MinimumVisualStudioVersion = 10.0.40219.1
Project("{FAE04EC0-301F-11D3-BF4B-00C04F79EFBC}") = "Library_Mngmt_System", "Library_Mngmt_System\Library_Mngmt_System.csproj", "{96600F6E-69A9-4839-869F-2328D6DDC37E}"
EndProject
Global
	GlobalSection(SolutionConfigurationPlatforms) = preSolution
		Debug|Any CPU = Debug|Any CPU
		Release|Any CPU = Release|Any CPU
	EndGlobalSection
	GlobalSection(ProjectConfigurationPlatforms) = postSolution
		{96600F6E-69A9-4839-869F-2328D6DDC37E}.Debug|Any CPU.ActiveCfg = Debug|Any CPU
		{96600F6E-69A9-4839-869F-2328D6DDC37E}.Debug|Any CPU.Build.0 = Debug|Any CPU
		{96600F6E-69A9-4839-869F-2328D6DDC37E}.Release|Any CPU.ActiveCfg = Release|Any CPU
		{96600F6E-69A9-4839-869F-2328D6DDC37E}.Release|Any CPU.Build.0 = Release|Any CPU
	EndGlobalSection
	GlobalSection(SolutionProperties) = preSolution
		HideSolutionNode = FALSE
	EndGlobalSection
	GlobalSection(ExtensibilityGlobals) = postSolution
		SolutionGuid = {0FC5CFAB-FD16-4E74-BF67-523AE34B343B}
	EndGlobalSection
EndGlobal
