
Microsoft Visual Studio Solution File, Format Version 12.00
# Visual Studio Version 17
VisualStudioVersion = 17.8.34330.188
MinimumVisualStudioVersion = 10.0.40219.1
Project("{9A19103F-16F7-4668-BE54-9A1E7A4F7556}") = "Section-18_EntityFrameworkCore-PracticeCode", "Section-18_EntityFrameworkCore-PracticeCode\Section-18_EntityFrameworkCore-PracticeCode.csproj", "{A24C76D8-E381-48ED-90B3-7512A55900CF}"
EndProject
Project("{2150E333-8FDC-42A3-9474-1A3956D46DE8}") = "Solution Items", "Solution Items", "{5CC3D44D-0B6A-4681-92C7-E50AA5D74560}"
EndProject
Global
	GlobalSection(SolutionConfigurationPlatforms) = preSolution
		Debug|Any CPU = Debug|Any CPU
		Release|Any CPU = Release|Any CPU
	EndGlobalSection
	GlobalSection(ProjectConfigurationPlatforms) = postSolution
		{A24C76D8-E381-48ED-90B3-7512A55900CF}.Debug|Any CPU.ActiveCfg = Debug|Any CPU
		{A24C76D8-E381-48ED-90B3-7512A55900CF}.Debug|Any CPU.Build.0 = Debug|Any CPU
		{A24C76D8-E381-48ED-90B3-7512A55900CF}.Release|Any CPU.ActiveCfg = Release|Any CPU
		{A24C76D8-E381-48ED-90B3-7512A55900CF}.Release|Any CPU.Build.0 = Release|Any CPU
	EndGlobalSection
	GlobalSection(SolutionProperties) = preSolution
		HideSolutionNode = FALSE
	EndGlobalSection
	GlobalSection(ExtensibilityGlobals) = postSolution
		SolutionGuid = {DE27E82B-3A1B-497B-A917-28AC742B9516}
	EndGlobalSection
EndGlobal
