
Microsoft Visual Studio Solution File, Format Version 12.00
# Visual Studio Version 17
VisualStudioVersion = 17.8.34330.188
MinimumVisualStudioVersion = 10.0.40219.1
Project("{FAE04EC0-301F-11D3-BF4B-00C04F79EFBC}") = "Routing", "Routing\Routing.csproj", "{176CA89F-21A0-49D4-B71A-B24678D41D0F}"
EndProject
Global
	GlobalSection(SolutionConfigurationPlatforms) = preSolution
		Debug|Any CPU = Debug|Any CPU
		Release|Any CPU = Release|Any CPU
	EndGlobalSection
	GlobalSection(ProjectConfigurationPlatforms) = postSolution
		{176CA89F-21A0-49D4-B71A-B24678D41D0F}.Debug|Any CPU.ActiveCfg = Debug|Any CPU
		{176CA89F-21A0-49D4-B71A-B24678D41D0F}.Debug|Any CPU.Build.0 = Debug|Any CPU
		{176CA89F-21A0-49D4-B71A-B24678D41D0F}.Release|Any CPU.ActiveCfg = Release|Any CPU
		{176CA89F-21A0-49D4-B71A-B24678D41D0F}.Release|Any CPU.Build.0 = Release|Any CPU
	EndGlobalSection
	GlobalSection(SolutionProperties) = preSolution
		HideSolutionNode = FALSE
	EndGlobalSection
	GlobalSection(ExtensibilityGlobals) = postSolution
		SolutionGuid = {339BA12E-29E7-41CB-91C6-3A128FC6B85F}
	EndGlobalSection
EndGlobal
