
Microsoft Visual Studio Solution File, Format Version 12.00
# Visual Studio Version 17
VisualStudioVersion = 17.8.34330.188
MinimumVisualStudioVersion = 10.0.40219.1
Project("{FAE04EC0-301F-11D3-BF4B-00C04F79EFBC}") = "Web_API_Course_Project", "Web_API_Course_Project\Web_API_Course_Project.csproj", "{757037F7-5818-490B-A3DF-8467953F1604}"
EndProject
Global
	GlobalSection(SolutionConfigurationPlatforms) = preSolution
		Debug|Any CPU = Debug|Any CPU
		Release|Any CPU = Release|Any CPU
	EndGlobalSection
	GlobalSection(ProjectConfigurationPlatforms) = postSolution
		{757037F7-5818-490B-A3DF-8467953F1604}.Debug|Any CPU.ActiveCfg = Debug|Any CPU
		{757037F7-5818-490B-A3DF-8467953F1604}.Debug|Any CPU.Build.0 = Debug|Any CPU
		{757037F7-5818-490B-A3DF-8467953F1604}.Release|Any CPU.ActiveCfg = Release|Any CPU
		{757037F7-5818-490B-A3DF-8467953F1604}.Release|Any CPU.Build.0 = Release|Any CPU
	EndGlobalSection
	GlobalSection(SolutionProperties) = preSolution
		HideSolutionNode = FALSE
	EndGlobalSection
	GlobalSection(ExtensibilityGlobals) = postSolution
		SolutionGuid = {7AA53CA8-6901-42E3-942B-1CAD996D1BEF}
	EndGlobalSection
EndGlobal
